
Microsoft Visual Studio Solution File, Format Version 12.00
# Visual Studio Version 17
VisualStudioVersion = 17.1.32210.238
MinimumVisualStudioVersion = 10.0.40219.1
Project("{FAE04EC0-301F-11D3-BF4B-00C04F79EFBC}") = "1300_valor_entre_100_e_200", "1300_valor_entre_100_e_200.csproj", "{E6F11BDE-1959-40CB-BF8D-740B1F3084A7}"
EndProject
Global
	GlobalSection(SolutionConfigurationPlatforms) = preSolution
		Debug|Any CPU = Debug|Any CPU
		Release|Any CPU = Release|Any CPU
	EndGlobalSection
	GlobalSection(ProjectConfigurationPlatforms) = postSolution
		{E6F11BDE-1959-40CB-BF8D-740B1F3084A7}.Debug|Any CPU.ActiveCfg = Debug|Any CPU
		{E6F11BDE-1959-40CB-BF8D-740B1F3084A7}.Debug|Any CPU.Build.0 = Debug|Any CPU
		{E6F11BDE-1959-40CB-BF8D-740B1F3084A7}.Release|Any CPU.ActiveCfg = Release|Any CPU
		{E6F11BDE-1959-40CB-BF8D-740B1F3084A7}.Release|Any CPU.Build.0 = Release|Any CPU
	EndGlobalSection
	GlobalSection(SolutionProperties) = preSolution
		HideSolutionNode = FALSE
	EndGlobalSection
	GlobalSection(ExtensibilityGlobals) = postSolution
		SolutionGuid = {1616C05D-0494-4B99-9E0D-13FC0C1F8394}
	EndGlobalSection
EndGlobal
